
Microsoft Visual Studio Solution File, Format Version 12.00
# Visual Studio 15
VisualStudioVersion = 15.0.27130.2020
MinimumVisualStudioVersion = 10.0.40219.1
Project("{FAE04EC0-301F-11D3-BF4B-00C04F79EFBC}") = "svglite", "svglite\svglite.csproj", "{16D51043-642B-4A8C-BB20-DEF74EC4D804}"
EndProject
Project("{FAE04EC0-301F-11D3-BF4B-00C04F79EFBC}") = "scrambles", "scrambles\scrambles.csproj", "{4F409197-1AB6-4A88-AA9E-19F145BE7B8E}"
EndProject
Project("{9A19103F-16F7-4668-BE54-9A1E7A4F7556}") = "utils", "utils\utils.csproj", "{ED5425AE-3001-474E-86D1-8FA550672F2C}"
EndProject
Project("{FAE04EC0-301F-11D3-BF4B-00C04F79EFBC}") = "min2phase", "min2phase\min2phase.csproj", "{60A254AD-F085-40B3-87C3-085A29CC363D}"
EndProject
Project("{FAE04EC0-301F-11D3-BF4B-00C04F79EFBC}") = "sq12phase", "sq12phase\sq12phase.csproj", "{CE897F18-0BAE-4521-8584-89D32AC4326B}"
EndProject
Project("{FAE04EC0-301F-11D3-BF4B-00C04F79EFBC}") = "threephase", "threephase\threephase.csproj", "{B42549D2-C0D3-45E8-BDD9-B2B8836B9477}"
EndProject
Project("{FAE04EC0-301F-11D3-BF4B-00C04F79EFBC}") = "core", "core\core.csproj", "{71502F34-1218-4312-B026-65EE0F2441E0}"
EndProject
Global
	GlobalSection(SolutionConfigurationPlatforms) = preSolution
		Debug|Any CPU = Debug|Any CPU
		Release|Any CPU = Release|Any CPU
	EndGlobalSection
	GlobalSection(ProjectConfigurationPlatforms) = postSolution
		{16D51043-642B-4A8C-BB20-DEF74EC4D804}.Debug|Any CPU.ActiveCfg = Debug|Any CPU
		{16D51043-642B-4A8C-BB20-DEF74EC4D804}.Debug|Any CPU.Build.0 = Debug|Any CPU
		{16D51043-642B-4A8C-BB20-DEF74EC4D804}.Release|Any CPU.ActiveCfg = Release|Any CPU
		{16D51043-642B-4A8C-BB20-DEF74EC4D804}.Release|Any CPU.Build.0 = Release|Any CPU
		{4F409197-1AB6-4A88-AA9E-19F145BE7B8E}.Debug|Any CPU.ActiveCfg = Debug|Any CPU
		{4F409197-1AB6-4A88-AA9E-19F145BE7B8E}.Debug|Any CPU.Build.0 = Debug|Any CPU
		{4F409197-1AB6-4A88-AA9E-19F145BE7B8E}.Release|Any CPU.ActiveCfg = Release|Any CPU
		{4F409197-1AB6-4A88-AA9E-19F145BE7B8E}.Release|Any CPU.Build.0 = Release|Any CPU
		{ED5425AE-3001-474E-86D1-8FA550672F2C}.Debug|Any CPU.ActiveCfg = Debug|Any CPU
		{ED5425AE-3001-474E-86D1-8FA550672F2C}.Debug|Any CPU.Build.0 = Debug|Any CPU
		{ED5425AE-3001-474E-86D1-8FA550672F2C}.Release|Any CPU.ActiveCfg = Release|Any CPU
		{ED5425AE-3001-474E-86D1-8FA550672F2C}.Release|Any CPU.Build.0 = Release|Any CPU
		{60A254AD-F085-40B3-87C3-085A29CC363D}.Debug|Any CPU.ActiveCfg = Debug|Any CPU
		{60A254AD-F085-40B3-87C3-085A29CC363D}.Debug|Any CPU.Build.0 = Debug|Any CPU
		{60A254AD-F085-40B3-87C3-085A29CC363D}.Release|Any CPU.ActiveCfg = Release|Any CPU
		{60A254AD-F085-40B3-87C3-085A29CC363D}.Release|Any CPU.Build.0 = Release|Any CPU
		{CE897F18-0BAE-4521-8584-89D32AC4326B}.Debug|Any CPU.ActiveCfg = Debug|Any CPU
		{CE897F18-0BAE-4521-8584-89D32AC4326B}.Debug|Any CPU.Build.0 = Debug|Any CPU
		{CE897F18-0BAE-4521-8584-89D32AC4326B}.Release|Any CPU.ActiveCfg = Release|Any CPU
		{CE897F18-0BAE-4521-8584-89D32AC4326B}.Release|Any CPU.Build.0 = Release|Any CPU
		{B42549D2-C0D3-45E8-BDD9-B2B8836B9477}.Debug|Any CPU.ActiveCfg = Debug|Any CPU
		{B42549D2-C0D3-45E8-BDD9-B2B8836B9477}.Debug|Any CPU.Build.0 = Debug|Any CPU
		{B42549D2-C0D3-45E8-BDD9-B2B8836B9477}.Release|Any CPU.ActiveCfg = Release|Any CPU
		{B42549D2-C0D3-45E8-BDD9-B2B8836B9477}.Release|Any CPU.Build.0 = Release|Any CPU
		{71502F34-1218-4312-B026-65EE0F2441E0}.Debug|Any CPU.ActiveCfg = Debug|Any CPU
		{71502F34-1218-4312-B026-65EE0F2441E0}.Debug|Any CPU.Build.0 = Debug|Any CPU
		{71502F34-1218-4312-B026-65EE0F2441E0}.Release|Any CPU.ActiveCfg = Release|Any CPU
		{71502F34-1218-4312-B026-65EE0F2441E0}.Release|Any CPU.Build.0 = Release|Any CPU
	EndGlobalSection
	GlobalSection(SolutionProperties) = preSolution
		HideSolutionNode = FALSE
	EndGlobalSection
	GlobalSection(ExtensibilityGlobals) = postSolution
		SolutionGuid = {2710487A-3350-48AD-B796-4249A677B8D3}
	EndGlobalSection
EndGlobal
